
Microsoft Visual Studio Solution File, Format Version 12.00
# Visual Studio 15
Project("{FAE04EC0-301F-11D3-BF4B-00C04F79EFBC}") = "Assembly-CSharp", "Assembly-CSharp.csproj", "{E80A348A-FA59-2C69-9E4A-A083BB290225}"
EndProject
Project("{FAE04EC0-301F-11D3-BF4B-00C04F79EFBC}") = "Assembly-CSharp-Editor", "Assembly-CSharp-Editor.csproj", "{72550595-ABD1-3F9E-A6A9-047AF63200BB}"
EndProject
Global
	GlobalSection(SolutionConfigurationPlatforms) = preSolution
		Debug|Any CPU = Debug|Any CPU
		Release|Any CPU = Release|Any CPU
	EndGlobalSection
	GlobalSection(ProjectConfigurationPlatforms) = postSolution
		{E80A348A-FA59-2C69-9E4A-A083BB290225}.Debug|Any CPU.ActiveCfg = Debug|Any CPU
		{E80A348A-FA59-2C69-9E4A-A083BB290225}.Debug|Any CPU.Build.0 = Debug|Any CPU
		{E80A348A-FA59-2C69-9E4A-A083BB290225}.Release|Any CPU.ActiveCfg = Release|Any CPU
		{E80A348A-FA59-2C69-9E4A-A083BB290225}.Release|Any CPU.Build.0 = Release|Any CPU
		{72550595-ABD1-3F9E-A6A9-047AF63200BB}.Debug|Any CPU.ActiveCfg = Debug|Any CPU
		{72550595-ABD1-3F9E-A6A9-047AF63200BB}.Debug|Any CPU.Build.0 = Debug|Any CPU
		{72550595-ABD1-3F9E-A6A9-047AF63200BB}.Release|Any CPU.ActiveCfg = Release|Any CPU
		{72550595-ABD1-3F9E-A6A9-047AF63200BB}.Release|Any CPU.Build.0 = Release|Any CPU
	EndGlobalSection
	GlobalSection(SolutionProperties) = preSolution
		HideSolutionNode = FALSE
	EndGlobalSection
EndGlobal
